// !$*UTF8*$!
{
	archiveVersion = 1;
	classes = {
	};
	objectVersion = 50;
	objects = {

/* Begin PBXBuildFile section */
		CA6371AB2592B43C00BBF00A /* AppDelegate.swift in Sources */ = {isa = PBXBuildFile; fileRef = CA6371AA2592B43C00BBF00A /* AppDelegate.swift */; };
		CA6371AD2592B43C00BBF00A /* SceneDelegate.swift in Sources */ = {isa = PBXBuildFile; fileRef = CA6371AC2592B43C00BBF00A /* SceneDelegate.swift */; };
		CA6371AF2592B43C00BBF00A /* ViewController.swift in Sources */ = {isa = PBXBuildFile; fileRef = CA6371AE2592B43C00BBF00A /* ViewController.swift */; };
		CA6371B22592B43C00BBF00A /* Main.storyboard in Resources */ = {isa = PBXBuildFile; fileRef = CA6371B02592B43C00BBF00A /* Main.storyboard */; };
		CA6371B42592B43D00BBF00A /* Assets.xcassets in Resources */ = {isa = PBXBuildFile; fileRef = CA6371B32592B43D00BBF00A /* Assets.xcassets */; };
		CA6371B72592B43D00BBF00A /* LaunchScreen.storyboard in Resources */ = {isa = PBXBuildFile; fileRef = CA6371B52592B43D00BBF00A /* LaunchScreen.storyboard */; };
		CA6371C22592B43D00BBF00A /* PreworkTests.swift in Sources */ = {isa = PBXBuildFile; fileRef = CA6371C12592B43D00BBF00A /* PreworkTests.swift */; };
		CA6371CD2592B43D00BBF00A /* PreworkUITests.swift in Sources */ = {isa = PBXBuildFile; fileRef = CA6371CC2592B43D00BBF00A /* PreworkUITests.swift */; };
/* End PBXBuildFile section */

/* Begin PBXContainerItemProxy section */
		CA6371BE2592B43D00BBF00A /* PBXContainerItemProxy */ = {
			isa = PBXContainerItemProxy;
			containerPortal = CA63719F2592B43C00BBF00A /* Project object */;
			proxyType = 1;
			remoteGlobalIDString = CA6371A62592B43C00BBF00A;
			remoteInfo = Prework;
		};
		CA6371C92592B43D00BBF00A /* PBXContainerItemProxy */ = {
			isa = PBXContainerItemProxy;
			containerPortal = CA63719F2592B43C00BBF00A /* Project object */;
			proxyType = 1;
			remoteGlobalIDString = CA6371A62592B43C00BBF00A;
			remoteInfo = Prework;
		};
/* End PBXContainerItemProxy section */

/* Begin PBXFileReference section */
		CA6371A72592B43C00BBF00A /* Prework.app */ = {isa = PBXFileReference; explicitFileType = wrapper.application; includeInIndex = 0; path = Prework.app; sourceTree = BUILT_PRODUCTS_DIR; };
		CA6371AA2592B43C00BBF00A /* AppDelegate.swift */ = {isa = PBXFileReference; lastKnownFileType = sourcecode.swift; path = AppDelegate.swift; sourceTree = "<group>"; };
		CA6371AC2592B43C00BBF00A /* SceneDelegate.swift */ = {isa = PBXFileReference; lastKnownFileType = sourcecode.swift; path = SceneDelegate.swift; sourceTree = "<group>"; };
		CA6371AE2592B43C00BBF00A /* ViewController.swift */ = {isa = PBXFileReference; lastKnownFileType = sourcecode.swift; path = ViewController.swift; sourceTree = "<group>"; };
		CA6371B12592B43C00BBF00A /* Base */ = {isa = PBXFileReference; lastKnownFileType = file.storyboard; name = Base; path = Base.lproj/Main.storyboard; sourceTree = "<group>"; };
		CA6371B32592B43D00BBF00A /* Assets.xcassets */ = {isa = PBXFileReference; lastKnownFileType = folder.assetcatalog; path = Assets.xcassets; sourceTree = "<group>"; };
		CA6371B62592B43D00BBF00A /* Base */ = {isa = PBXFileReference; lastKnownFileType = file.storyboard; name = Base; path = Base.lproj/LaunchScreen.storyboard; sourceTree = "<group>"; };
		CA6371B82592B43D00BBF00A /* Info.plist */ = {isa = PBXFileReference; lastKnownFileType = text.plist.xml; path = Info.plist; sourceTree = "<group>"; };
		CA6371BD2592B43D00BBF00A /* PreworkTests.xctest */ = {isa = PBXFileReference; explicitFileType = wrapper.cfbundle; includeInIndex = 0; path = PreworkTests.xctest; sourceTree = BUILT_PRODUCTS_DIR; };
		CA6371C12592B43D00BBF00A /* PreworkTests.swift */ = {isa = PBXFileReference; lastKnownFileType = sourcecode.swift; path = PreworkTests.swift; sourceTree = "<group>"; };
		CA6371C32592B43D00BBF00A /* Info.plist */ = {isa = PBXFileReference; lastKnownFileType = text.plist.xml; path = Info.plist; sourceTree = "<group>"; };
		CA6371C82592B43D00BBF00A /* PreworkUITests.xctest */ = {isa = PBXFileReference; explicitFileType = wrapper.cfbundle; includeInIndex = 0; path = PreworkUITests.xctest; sourceTree = BUILT_PRODUCTS_DIR; };
		CA6371CC2592B43D00BBF00A /* PreworkUITests.swift */ = {isa = PBXFileReference; lastKnownFileType = sourcecode.swift; path = PreworkUITests.swift; sourceTree = "<group>"; };
		CA6371CE2592B43D00BBF00A /* Info.plist */ = {isa = PBXFileReference; lastKnownFileType = text.plist.xml; path = Info.plist; sourceTree = "<group>"; };
/* End PBXFileReference section */

/* Begin PBXFrameworksBuildPhase section */
		CA6371A42592B43C00BBF00A /* Frameworks */ = {
			isa = PBXFrameworksBuildPhase;
			buildActionMask = 2147483647;
			files = (
			);
			runOnlyForDeploymentPostprocessing = 0;
		};
		CA6371BA2592B43D00BBF00A /* Frameworks */ = {
			isa = PBXFrameworksBuildPhase;
			buildActionMask = 2147483647;
			files = (
			);
			runOnlyForDeploymentPostprocessing = 0;
		};
		CA6371C52592B43D00BBF00A /* Frameworks */ = {
			isa = PBXFrameworksBuildPhase;
			buildActionMask = 2147483647;
			files = (
			);
			runOnlyForDeploymentPostprocessing = 0;
		};
/* End PBXFrameworksBuildPhase section */

/* Begin PBXGroup section */
		CA63719E2592B43C00BBF00A = {
			isa = PBXGroup;
			children = (
				CA6371A92592B43C00BBF00A /* Prework */,
				CA6371C02592B43D00BBF00A /* PreworkTests */,
				CA6371CB2592B43D00BBF00A /* PreworkUITests */,
				CA6371A82592B43C00BBF00A /* Products */,
			);
			sourceTree = "<group>";
		};
		CA6371A82592B43C00BBF00A /* Products */ = {
			isa = PBXGroup;
			children = (
				CA6371A72592B43C00BBF00A /* Prework.app */,
				CA6371BD2592B43D00BBF00A /* PreworkTests.xctest */,
				CA6371C82592B43D00BBF00A /* PreworkUITests.xctest */,
			);
			name = Products;
			sourceTree = "<group>";
		};
		CA6371A92592B43C00BBF00A /* Prework */ = {
			isa = PBXGroup;
			children = (
				CA6371AA2592B43C00BBF00A /* AppDelegate.swift */,
				CA6371AC2592B43C00BBF00A /* SceneDelegate.swift */,
				CA6371AE2592B43C00BBF00A /* ViewController.swift */,
				CA6371B02592B43C00BBF00A /* Main.storyboard */,
				CA6371B32592B43D00BBF00A /* Assets.xcassets */,
				CA6371B52592B43D00BBF00A /* LaunchScreen.storyboard */,
				CA6371B82592B43D00BBF00A /* Info.plist */,
			);
			path = Prework;
			sourceTree = "<group>";
		};
		CA6371C02592B43D00BBF00A /* PreworkTests */ = {
			isa = PBXGroup;
			children = (
				CA6371C12592B43D00BBF00A /* PreworkTests.swift */,
				CA6371C32592B43D00BBF00A /* Info.plist */,
			);
			path = PreworkTests;
			sourceTree = "<group>";
		};
		CA6371CB2592B43D00BBF00A /* PreworkUITests */ = {
			isa = PBXGroup;
			children = (
				CA6371CC2592B43D00BBF00A /* PreworkUITests.swift */,
				CA6371CE2592B43D00BBF00A /* Info.plist */,
			);
			path = PreworkUITests;
			sourceTree = "<group>";
		};
/* End PBXGroup section */

/* Begin PBXNativeTarget section */
		CA6371A62592B43C00BBF00A /* Prework */ = {
			isa = PBXNativeTarget;
			buildConfigurationList = CA6371D12592B43D00BBF00A /* Build configuration list for PBXNativeTarget "Prework" */;
			buildPhases = (
				CA6371A32592B43C00BBF00A /* Sources */,
				CA6371A42592B43C00BBF00A /* Frameworks */,
				CA6371A52592B43C00BBF00A /* Resources */,
			);
			buildRules = (
			);
			dependencies = (
			);
			name = Prework;
			productName = Prework;
			productReference = CA6371A72592B43C00BBF00A /* Prework.app */;
			productType = "com.apple.product-type.application";
		};
		CA6371BC2592B43D00BBF00A /* PreworkTests */ = {
			isa = PBXNativeTarget;
			buildConfigurationList = CA6371D42592B43D00BBF00A /* Build configuration list for PBXNativeTarget "PreworkTests" */;
			buildPhases = (
				CA6371B92592B43D00BBF00A /* Sources */,
				CA6371BA2592B43D00BBF00A /* Frameworks */,
				CA6371BB2592B43D00BBF00A /* Resources */,
			);
			buildRules = (
			);
			dependencies = (
				CA6371BF2592B43D00BBF00A /* PBXTargetDependency */,
			);
			name = PreworkTests;
			productName = PreworkTests;
			productReference = CA6371BD2592B43D00BBF00A /* PreworkTests.xctest */;
			productType = "com.apple.product-type.bundle.unit-test";
		};
		CA6371C72592B43D00BBF00A /* PreworkUITests */ = {
			isa = PBXNativeTarget;
			buildConfigurationList = CA6371D72592B43D00BBF00A /* Build configuration list for PBXNativeTarget "PreworkUITests" */;
			buildPhases = (
				CA6371C42592B43D00BBF00A /* Sources */,
				CA6371C52592B43D00BBF00A /* Frameworks */,
				CA6371C62592B43D00BBF00A /* Resources */,
			);
			buildRules = (
			);
			dependencies = (
				CA6371CA2592B43D00BBF00A /* PBXTargetDependency */,
			);
			name = PreworkUITests;
			productName = PreworkUITests;
			productReference = CA6371C82592B43D00BBF00A /* PreworkUITests.xctest */;
			productType = "com.apple.product-type.bundle.ui-testing";
		};
/* End PBXNativeTarget section */

/* Begin PBXProject section */
		CA63719F2592B43C00BBF00A /* Project object */ = {
			isa = PBXProject;
			attributes = {
				LastSwiftUpdateCheck = 1230;
				LastUpgradeCheck = 1230;
				TargetAttributes = {
					CA6371A62592B43C00BBF00A = {
						CreatedOnToolsVersion = 12.3;
					};
					CA6371BC2592B43D00BBF00A = {
						CreatedOnToolsVersion = 12.3;
						TestTargetID = CA6371A62592B43C00BBF00A;
					};
					CA6371C72592B43D00BBF00A = {
						CreatedOnToolsVersion = 12.3;
						TestTargetID = CA6371A62592B43C00BBF00A;
					};
				};
			};
			buildConfigurationList = CA6371A22592B43C00BBF00A /* Build configuration list for PBXProject "Prework" */;
			compatibilityVersion = "Xcode 9.3";
			developmentRegion = en;
			hasScannedForEncodings = 0;
			knownRegions = (
				en,
				Base,
			);
			mainGroup = CA63719E2592B43C00BBF00A;
			productRefGroup = CA6371A82592B43C00BBF00A /* Products */;
			projectDirPath = "";
			projectRoot = "";
			targets = (
				CA6371A62592B43C00BBF00A /* Prework */,
				CA6371BC2592B43D00BBF00A /* PreworkTests */,
				CA6371C72592B43D00BBF00A /* PreworkUITests */,
			);
		};
/* End PBXProject section */

/* Begin PBXResourcesBuildPhase section */
		CA6371A52592B43C00BBF00A /* Resources */ = {
			isa = PBXResourcesBuildPhase;
			buildActionMask = 2147483647;
			files = (
				CA6371B72592B43D00BBF00A /* LaunchScreen.storyboard in Resources */,
				CA6371B42592B43D00BBF00A /* Assets.xcassets in Resources */,
				CA6371B22592B43C00BBF00A /* Main.storyboard in Resources */,
			);
			runOnlyForDeploymentPostprocessing = 0;
		};
		CA6371BB2592B43D00BBF00A /* Resources */ = {
			isa = PBXResourcesBuildPhase;
			buildActionMask = 2147483647;
			files = (
			);
			runOnlyForDeploymentPostprocessing = 0;
		};
		CA6371C62592B43D00BBF00A /* Resources */ = {
			isa = PBXResourcesBuildPhase;
			buildActionMask = 2147483647;
			files = (
			);
			runOnlyForDeploymentPostprocessing = 0;
		};
/* End PBXResourcesBuildPhase section */

/* Begin PBXSourcesBuildPhase section */
		CA6371A32592B43C00BBF00A /* Sources */ = {
			isa = PBXSourcesBuildPhase;
			buildActionMask = 2147483647;
			files = (
				CA6371AF2592B43C00BBF00A /* ViewController.swift in Sources */,
				CA6371AB2592B43C00BBF00A /* AppDelegate.swift in Sources */,
				CA6371AD2592B43C00BBF00A /* SceneDelegate.swift in Sources */,
			);
			runOnlyForDeploymentPostprocessing = 0;
		};
		CA6371B92592B43D00BBF00A /* Sources */ = {
			isa = PBXSourcesBuildPhase;
			buildActionMask = 2147483647;
			files = (
				CA6371C22592B43D00BBF00A /* PreworkTests.swift in Sources */,
			);
			runOnlyForDeploymentPostprocessing = 0;
		};
		CA6371C42592B43D00BBF00A /* Sources */ = {
			isa = PBXSourcesBuildPhase;
			buildActionMask = 2147483647;
			files = (
				CA6371CD2592B43D00BBF00A /* PreworkUITests.swift in Sources */,
			);
			runOnlyForDeploymentPostprocessing = 0;
		};
/* End PBXSourcesBuildPhase section */

/* Begin PBXTargetDependency section */
		CA6371BF2592B43D00BBF00A /* PBXTargetDependency */ = {
			isa = PBXTargetDependency;
			target = CA6371A62592B43C00BBF00A /* Prework */;
			targetProxy = CA6371BE2592B43D00BBF00A /* PBXContainerItemProxy */;
		};
		CA6371CA2592B43D00BBF00A /* PBXTargetDependency */ = {
			isa = PBXTargetDependency;
			target = CA6371A62592B43C00BBF00A /* Prework */;
			targetProxy = CA6371C92592B43D00BBF00A /* PBXContainerItemProxy */;
		};
/* End PBXTargetDependency section */

/* Begin PBXVariantGroup section */
		CA6371B02592B43C00BBF00A /* Main.storyboard */ = {
			isa = PBXVariantGroup;
			children = (
				CA6371B12592B43C00BBF00A /* Base */,
			);
			name = Main.storyboard;
			sourceTree = "<group>";
		};
		CA6371B52592B43D00BBF00A /* LaunchScreen.storyboard */ = {
			isa = PBXVariantGroup;
			children = (
				CA6371B62592B43D00BBF00A /* Base */,
			);
			name = LaunchScreen.storyboard;
			sourceTree = "<group>";
		};
/* End PBXVariantGroup section */

/* Begin XCBuildConfiguration section */
		CA6371CF2592B43D00BBF00A /* Debug */ = {
			isa = XCBuildConfiguration;
			buildSettings = {
				ALWAYS_SEARCH_USER_PATHS = NO;
				CLANG_ANALYZER_NONNULL = YES;
				CLANG_ANALYZER_NUMBER_OBJECT_CONVERSION = YES_AGGRESSIVE;
				CLANG_CXX_LANGUAGE_STANDARD = "gnu++14";
				CLANG_CXX_LIBRARY = "libc++";
				CLANG_ENABLE_MODULES = YES;
				CLANG_ENABLE_OBJC_ARC = YES;
				CLANG_ENABLE_OBJC_WEAK = YES;
				CLANG_WARN_BLOCK_CAPTURE_AUTORELEASING = YES;
				CLANG_WARN_BOOL_CONVERSION = YES;
				CLANG_WARN_COMMA = YES;
				CLANG_WARN_CONSTANT_CONVERSION = YES;
				CLANG_WARN_DEPRECATED_OBJC_IMPLEMENTATIONS = YES;
				CLANG_WARN_DIRECT_OBJC_ISA_USAGE = YES_ERROR;
				CLANG_WARN_DOCUMENTATION_COMMENTS = YES;
				CLANG_WARN_EMPTY_BODY = YES;
				CLANG_WARN_ENUM_CONVERSION = YES;
				CLANG_WARN_INFINITE_RECURSION = YES;
				CLANG_WARN_INT_CONVERSION = YES;
				CLANG_WARN_NON_LITERAL_NULL_CONVERSION = YES;
				CLANG_WARN_OBJC_IMPLICIT_RETAIN_SELF = YES;
				CLANG_WARN_OBJC_LITERAL_CONVERSION = YES;
				CLANG_WARN_OBJC_ROOT_CLASS = YES_ERROR;
				CLANG_WARN_QUOTED_INCLUDE_IN_FRAMEWORK_HEADER = YES;
				CLANG_WARN_RANGE_LOOP_ANALYSIS = YES;
				CLANG_WARN_STRICT_PROTOTYPES = YES;
				CLANG_WARN_SUSPICIOUS_MOVE = YES;
				CLANG_WARN_UNGUARDED_AVAILABILITY = YES_AGGRESSIVE;
				CLANG_WARN_UNREACHABLE_CODE = YES;
				CLANG_WARN__DUPLICATE_METHOD_MATCH = YES;
				COPY_PHASE_STRIP = NO;
				DEBUG_INFORMATION_FORMAT = dwarf;
				ENABLE_STRICT_OBJC_MSGSEND = YES;
				ENABLE_TESTABILITY = YES;
				GCC_C_LANGUAGE_STANDARD = gnu11;
				GCC_DYNAMIC_NO_PIC = NO;
				GCC_NO_COMMON_BLOCKS = YES;
				GCC_OPTIMIZATION_LEVEL = 0;
				GCC_PREPROCESSOR_DEFINITIONS = (
					"DEBUG=1",
					"$(inherited)",
				);
				GCC_WARN_64_TO_32_BIT_CONVERSION = YES;
				GCC_WARN_ABOUT_RETURN_TYPE = YES_ERROR;
				GCC_WARN_UNDECLARED_SELECTOR = YES;
				GCC_WARN_UNINITIALIZED_AUTOS = YES_AGGRESSIVE;
				GCC_WARN_UNUSED_FUNCTION = YES;
				GCC_WARN_UNUSED_VARIABLE = YES;
				IPHONEOS_DEPLOYMENT_TARGET = 14.3;
				MTL_ENABLE_DEBUG_INFO = INCLUDE_SOURCE;
				MTL_FAST_MATH = YES;
				ONLY_ACTIVE_ARCH = YES;
				SDKROOT = iphoneos;
				SWIFT_ACTIVE_COMPILATION_CONDITIONS = DEBUG;
				SWIFT_OPTIMIZATION_LEVEL = "-Onone";
			};
			name = Debug;
		};
		CA6371D02592B43D00BBF00A /* Release */ = {
			isa = XCBuildConfiguration;
			buildSettings = {
				ALWAYS_SEARCH_USER_PATHS = NO;
				CLANG_ANALYZER_NONNULL = YES;
				CLANG_ANALYZER_NUMBER_OBJECT_CONVERSION = YES_AGGRESSIVE;
				CLANG_CXX_LANGUAGE_STANDARD = "gnu++14";
				CLANG_CXX_LIBRARY = "libc++";
				CLANG_ENABLE_MODULES = YES;
				CLANG_ENABLE_OBJC_ARC = YES;
				CLANG_ENABLE_OBJC_WEAK = YES;
				CLANG_WARN_BLOCK_CAPTURE_AUTORELEASING = YES;
				CLANG_WARN_BOOL_CONVERSION = YES;
				CLANG_WARN_COMMA = YES;
				CLANG_WARN_CONSTANT_CONVERSION = YES;
				CLANG_WARN_DEPRECATED_OBJC_IMPLEMENTATIONS = YES;
				CLANG_WARN_DIRECT_OBJC_ISA_USAGE = YES_ERROR;
				CLANG_WARN_DOCUMENTATION_COMMENTS = YES;
				CLANG_WARN_EMPTY_BODY = YES;
				CLANG_WARN_ENUM_CONVERSION = YES;
				CLANG_WARN_INFINITE_RECURSION = YES;
				CLANG_WARN_INT_CONVERSION = YES;
				CLANG_WARN_NON_LITERAL_NULL_CONVERSION = YES;
				CLANG_WARN_OBJC_IMPLICIT_RETAIN_SELF = YES;
				CLANG_WARN_OBJC_LITERAL_CONVERSION = YES;
				CLANG_WARN_OBJC_ROOT_CLASS = YES_ERROR;
				CLANG_WARN_QUOTED_INCLUDE_IN_FRAMEWORK_HEADER = YES;
				CLANG_WARN_RANGE_LOOP_ANALYSIS = YES;
				CLANG_WARN_STRICT_PROTOTYPES = YES;
				CLANG_WARN_SUSPICIOUS_MOVE = YES;
				CLANG_WARN_UNGUARDED_AVAILABILITY = YES_AGGRESSIVE;
				CLANG_WARN_UNREACHABLE_CODE = YES;
				CLANG_WARN__DUPLICATE_METHOD_MATCH = YES;
				COPY_PHASE_STRIP = NO;
				DEBUG_INFORMATION_FORMAT = "dwarf-with-dsym";
				ENABLE_NS_ASSERTIONS = NO;
				ENABLE_STRICT_OBJC_MSGSEND = YES;
				GCC_C_LANGUAGE_STANDARD = gnu11;
				GCC_NO_COMMON_BLOCKS = YES;
				GCC_WARN_64_TO_32_BIT_CONVERSION = YES;
				GCC_WARN_ABOUT_RETURN_TYPE = YES_ERROR;
				GCC_WARN_UNDECLARED_SELECTOR = YES;
				GCC_WARN_UNINITIALIZED_AUTOS = YES_AGGRESSIVE;
				GCC_WARN_UNUSED_FUNCTION = YES;
				GCC_WARN_UNUSED_VARIABLE = YES;
				IPHONEOS_DEPLOYMENT_TARGET = 14.3;
				MTL_ENABLE_DEBUG_INFO = NO;
				MTL_FAST_MATH = YES;
				SDKROOT = iphoneos;
				SWIFT_COMPILATION_MODE = wholemodule;
				SWIFT_OPTIMIZATION_LEVEL = "-O";
				VALIDATE_PRODUCT = YES;
			};
			name = Release;
		};
		CA6371D22592B43D00BBF00A /* Debug */ = {
			isa = XCBuildConfiguration;
			buildSettings = {
				ASSETCATALOG_COMPILER_APPICON_NAME = AppIcon;
				ASSETCATALOG_COMPILER_GLOBAL_ACCENT_COLOR_NAME = AccentColor;
				CODE_SIGN_STYLE = Automatic;
				INFOPLIST_FILE = Prework/Info.plist;
				LD_RUNPATH_SEARCH_PATHS = (
					"$(inherited)",
					"@executable_path/Frameworks",
				);
				PRODUCT_BUNDLE_IDENTIFIER = com.codepath.Prework;
				PRODUCT_NAME = "$(TARGET_NAME)";
				SWIFT_VERSION = 5.0;
				TARGETED_DEVICE_FAMILY = "1,2";
			};
			name = Debug;
		};
		CA6371D32592B43D00BBF00A /* Release */ = {
			isa = XCBuildConfiguration;
			buildSettings = {
				ASSETCATALOG_COMPILER_APPICON_NAME = AppIcon;
				ASSETCATALOG_COMPILER_GLOBAL_ACCENT_COLOR_NAME = AccentColor;
				CODE_SIGN_STYLE = Automatic;
				INFOPLIST_FILE = Prework/Info.plist;
				LD_RUNPATH_SEARCH_PATHS = (
					"$(inherited)",
					"@executable_path/Frameworks",
				);
				PRODUCT_BUNDLE_IDENTIFIER = com.codepath.Prework;
				PRODUCT_NAME = "$(TARGET_NAME)";
				SWIFT_VERSION = 5.0;
				TARGETED_DEVICE_FAMILY = "1,2";
			};
			name = Release;
		};
		CA6371D52592B43D00BBF00A /* Debug */ = {
			isa = XCBuildConfiguration;
			buildSettings = {
				ALWAYS_EMBED_SWIFT_STANDARD_LIBRARIES = YES;
				BUNDLE_LOADER = "$(TEST_HOST)";
				CODE_SIGN_STYLE = Automatic;
				INFOPLIST_FILE = PreworkTests/Info.plist;
				IPHONEOS_DEPLOYMENT_TARGET = 14.3;
				LD_RUNPATH_SEARCH_PATHS = (
					"$(inherited)",
					"@executable_path/Frameworks",
					"@loader_path/Frameworks",
				);
				PRODUCT_BUNDLE_IDENTIFIER = com.codepath.PreworkTests;
				PRODUCT_NAME = "$(TARGET_NAME)";
				SWIFT_VERSION = 5.0;
				TARGETED_DEVICE_FAMILY = "1,2";
				TEST_HOST = "$(BUILT_PRODUCTS_DIR)/Prework.app/Prework";
			};
			name = Debug;
		};
		CA6371D62592B43D00BBF00A /* Release */ = {
			isa = XCBuildConfiguration;
			buildSettings = {
				ALWAYS_EMBED_SWIFT_STANDARD_LIBRARIES = YES;
				BUNDLE_LOADER = "$(TEST_HOST)";
				CODE_SIGN_STYLE = Automatic;
				INFOPLIST_FILE = PreworkTests/Info.plist;
				IPHONEOS_DEPLOYMENT_TARGET = 14.3;
				LD_RUNPATH_SEARCH_PATHS = (
					"$(inherited)",
					"@executable_path/Frameworks",
					"@loader_path/Frameworks",
				);
				PRODUCT_BUNDLE_IDENTIFIER = com.codepath.PreworkTests;
				PRODUCT_NAME = "$(TARGET_NAME)";
				SWIFT_VERSION = 5.0;
				TARGETED_DEVICE_FAMILY = "1,2";
				TEST_HOST = "$(BUILT_PRODUCTS_DIR)/Prework.app/Prework";
			};
			name = Release;
		};
		CA6371D82592B43D00BBF00A /* Debug */ = {
			isa = XCBuildConfiguration;
			buildSettings = {
				ALWAYS_EMBED_SWIFT_STANDARD_LIBRARIES = YES;
				CODE_SIGN_STYLE = Automatic;
				INFOPLIST_FILE = PreworkUITests/Info.plist;
				LD_RUNPATH_SEARCH_PATHS = (
					"$(inherited)",
					"@executable_path/Frameworks",
					"@loader_path/Frameworks",
				);
				PRODUCT_BUNDLE_IDENTIFIER = com.codepath.PreworkUITests;
				PRODUCT_NAME = "$(TARGET_NAME)";
				SWIFT_VERSION = 5.0;
				TARGETED_DEVICE_FAMILY = "1,2";
				TEST_TARGET_NAME = Prework;
			};
			name = Debug;
		};
		CA6371D92592B43D00BBF00A /* Release */ = {
			isa = XCBuildConfiguration;
			buildSettings = {
				ALWAYS_EMBED_SWIFT_STANDARD_LIBRARIES = YES;
				CODE_SIGN_STYLE = Automatic;
				INFOPLIST_FILE = PreworkUITests/Info.plist;
				LD_RUNPATH_SEARCH_PATHS = (
					"$(inherited)",
					"@executable_path/Frameworks",
					"@loader_path/Frameworks",
				);
				PRODUCT_BUNDLE_IDENTIFIER = com.codepath.PreworkUITests;
				PRODUCT_NAME = "$(TARGET_NAME)";
				SWIFT_VERSION = 5.0;
				TARGETED_DEVICE_FAMILY = "1,2";
				TEST_TARGET_NAME = Prework;
			};
			name = Release;
		};
/* End XCBuildConfiguration section */

/* Begin XCConfigurationList section */
		CA6371A22592B43C00BBF00A /* Build configuration list for PBXProject "Prework" */ = {
			isa = XCConfigurationList;
			buildConfigurations = (
				CA6371CF2592B43D00BBF00A /* Debug */,
				CA6371D02592B43D00BBF00A /* Release */,
			);
			defaultConfigurationIsVisible = 0;
			defaultConfigurationName = Release;
		};
		CA6371D12592B43D00BBF00A /* Build configuration list for PBXNativeTarget "Prework" */ = {
			isa = XCConfigurationList;
			buildConfigurations = (
				CA6371D22592B43D00BBF00A /* Debug */,
				CA6371D32592B43D00BBF00A /* Release */,
			);
			defaultConfigurationIsVisible = 0;
			defaultConfigurationName = Release;
		};
		CA6371D42592B43D00BBF00A /* Build configuration list for PBXNativeTarget "PreworkTests" */ = {
			isa = XCConfigurationList;
			buildConfigurations = (
				CA6371D52592B43D00BBF00A /* Debug */,
				CA6371D62592B43D00BBF00A /* Release */,
			);
			defaultConfigurationIsVisible = 0;
			defaultConfigurationName = Release;
		};
		CA6371D72592B43D00BBF00A /* Build configuration list for PBXNativeTarget "PreworkUITests" */ = {
			isa = XCConfigurationList;
			buildConfigurations = (
				CA6371D82592B43D00BBF00A /* Debug */,
				CA6371D92592B43D00BBF00A /* Release */,
			);
			defaultConfigurationIsVisible = 0;
			defaultConfigurationName = Release;
		};
/* End XCConfigurationList section */
	};
	rootObject = CA63719F2592B43C00BBF00A /* Project object */;
}
